
Microsoft Visual Studio Solution File, Format Version 12.00
# Visual Studio Version 16
VisualStudioVersion = 16.0.32228.343
MinimumVisualStudioVersion = 10.0.40219.1
Project("{F184B08F-C81C-45F6-A57F-5ABD9991F28F}") = "UMController", "UMController\UMController.vbproj", "{CF044D9B-3DB0-49C3-A659-7B499DB9BA2E}"
	ProjectSection(ProjectDependencies) = postProject
		{AC6AA62A-DAFB-4D1D-BF7B-15F02C940B77} = {AC6AA62A-DAFB-4D1D-BF7B-15F02C940B77}
		{49614498-1878-4D71-B250-5FB44E96C604} = {49614498-1878-4D71-B250-5FB44E96C604}
	EndProjectSection
EndProject
Project("{8BC9CEB8-8B4A-11D0-8D11-00A0C91BC942}") = "AndorNeo", "AndorNeoDll\AndorNeoDll.vcxproj", "{49614498-1878-4D71-B250-5FB44E96C604}"
EndProject
Project("{8BC9CEB8-8B4A-11D0-8D11-00A0C91BC942}") = "AndorZyla", "AndorZyla\AndorZyla.vcxproj", "{AC6AA62A-DAFB-4D1D-BF7B-15F02C940B77}"
EndProject
Project("{2150E333-8FDC-42A3-9474-1A3956D46DE8}") = "Solution Items", "Solution Items", "{4AD5FAFC-1BA9-40C3-AEE5-3C0CC0D8E310}"
	ProjectSection(SolutionItems) = preProject
		.editorconfig = .editorconfig
	EndProjectSection
EndProject
Global
	GlobalSection(SolutionConfigurationPlatforms) = preSolution
		CD_ROM|Any CPU = CD_ROM|Any CPU
		CD_ROM|ARM = CD_ROM|ARM
		CD_ROM|Mixed Platforms = CD_ROM|Mixed Platforms
		CD_ROM|Win32 = CD_ROM|Win32
		CD_ROM|x64 = CD_ROM|x64
		CD_ROM|x86 = CD_ROM|x86
		Debug|Any CPU = Debug|Any CPU
		Debug|ARM = Debug|ARM
		Debug|Mixed Platforms = Debug|Mixed Platforms
		Debug|Win32 = Debug|Win32
		Debug|x64 = Debug|x64
		Debug|x86 = Debug|x86
		DVD-5|Any CPU = DVD-5|Any CPU
		DVD-5|ARM = DVD-5|ARM
		DVD-5|Mixed Platforms = DVD-5|Mixed Platforms
		DVD-5|Win32 = DVD-5|Win32
		DVD-5|x64 = DVD-5|x64
		DVD-5|x86 = DVD-5|x86
		Release|Any CPU = Release|Any CPU
		Release|ARM = Release|ARM
		Release|Mixed Platforms = Release|Mixed Platforms
		Release|Win32 = Release|Win32
		Release|x64 = Release|x64
		Release|x86 = Release|x86
		SingleImage|Any CPU = SingleImage|Any CPU
		SingleImage|ARM = SingleImage|ARM
		SingleImage|Mixed Platforms = SingleImage|Mixed Platforms
		SingleImage|Win32 = SingleImage|Win32
		SingleImage|x64 = SingleImage|x64
		SingleImage|x86 = SingleImage|x86
	EndGlobalSection
	GlobalSection(ProjectConfigurationPlatforms) = postSolution
		{CF044D9B-3DB0-49C3-A659-7B499DB9BA2E}.CD_ROM|Any CPU.ActiveCfg = Release|Any CPU
		{CF044D9B-3DB0-49C3-A659-7B499DB9BA2E}.CD_ROM|Any CPU.Build.0 = Release|Any CPU
		{CF044D9B-3DB0-49C3-A659-7B499DB9BA2E}.CD_ROM|ARM.ActiveCfg = Debug|Any CPU
		{CF044D9B-3DB0-49C3-A659-7B499DB9BA2E}.CD_ROM|Mixed Platforms.ActiveCfg = Release|Any CPU
		{CF044D9B-3DB0-49C3-A659-7B499DB9BA2E}.CD_ROM|Mixed Platforms.Build.0 = Release|Any CPU
		{CF044D9B-3DB0-49C3-A659-7B499DB9BA2E}.CD_ROM|Win32.ActiveCfg = Release|Any CPU
		{CF044D9B-3DB0-49C3-A659-7B499DB9BA2E}.CD_ROM|x64.ActiveCfg = Debug|Any CPU
		{CF044D9B-3DB0-49C3-A659-7B499DB9BA2E}.CD_ROM|x86.ActiveCfg = Release|x86
		{CF044D9B-3DB0-49C3-A659-7B499DB9BA2E}.CD_ROM|x86.Build.0 = Release|x86
		{CF044D9B-3DB0-49C3-A659-7B499DB9BA2E}.Debug|Any CPU.ActiveCfg = Debug|Any CPU
		{CF044D9B-3DB0-49C3-A659-7B499DB9BA2E}.Debug|Any CPU.Build.0 = Debug|Any CPU
		{CF044D9B-3DB0-49C3-A659-7B499DB9BA2E}.Debug|ARM.ActiveCfg = Debug|Any CPU
		{CF044D9B-3DB0-49C3-A659-7B499DB9BA2E}.Debug|Mixed Platforms.ActiveCfg = Debug|Any CPU
		{CF044D9B-3DB0-49C3-A659-7B499DB9BA2E}.Debug|Mixed Platforms.Build.0 = Debug|Any CPU
		{CF044D9B-3DB0-49C3-A659-7B499DB9BA2E}.Debug|Win32.ActiveCfg = Debug|Any CPU
		{CF044D9B-3DB0-49C3-A659-7B499DB9BA2E}.Debug|x64.ActiveCfg = Debug|Any CPU
		{CF044D9B-3DB0-49C3-A659-7B499DB9BA2E}.Debug|x86.ActiveCfg = Debug|x86
		{CF044D9B-3DB0-49C3-A659-7B499DB9BA2E}.Debug|x86.Build.0 = Debug|x86
		{CF044D9B-3DB0-49C3-A659-7B499DB9BA2E}.DVD-5|Any CPU.ActiveCfg = Debug|Any CPU
		{CF044D9B-3DB0-49C3-A659-7B499DB9BA2E}.DVD-5|Any CPU.Build.0 = Debug|Any CPU
		{CF044D9B-3DB0-49C3-A659-7B499DB9BA2E}.DVD-5|ARM.ActiveCfg = Debug|Any CPU
		{CF044D9B-3DB0-49C3-A659-7B499DB9BA2E}.DVD-5|Mixed Platforms.ActiveCfg = Debug|Any CPU
		{CF044D9B-3DB0-49C3-A659-7B499DB9BA2E}.DVD-5|Mixed Platforms.Build.0 = Debug|Any CPU
		{CF044D9B-3DB0-49C3-A659-7B499DB9BA2E}.DVD-5|Win32.ActiveCfg = Debug|Any CPU
		{CF044D9B-3DB0-49C3-A659-7B499DB9BA2E}.DVD-5|x64.ActiveCfg = Debug|Any CPU
		{CF044D9B-3DB0-49C3-A659-7B499DB9BA2E}.DVD-5|x86.ActiveCfg = Debug|x86
		{CF044D9B-3DB0-49C3-A659-7B499DB9BA2E}.DVD-5|x86.Build.0 = Debug|x86
		{CF044D9B-3DB0-49C3-A659-7B499DB9BA2E}.Release|Any CPU.ActiveCfg = Release|Any CPU
		{CF044D9B-3DB0-49C3-A659-7B499DB9BA2E}.Release|Any CPU.Build.0 = Release|Any CPU
		{CF044D9B-3DB0-49C3-A659-7B499DB9BA2E}.Release|ARM.ActiveCfg = Release|Any CPU
		{CF044D9B-3DB0-49C3-A659-7B499DB9BA2E}.Release|Mixed Platforms.ActiveCfg = Release|Any CPU
		{CF044D9B-3DB0-49C3-A659-7B499DB9BA2E}.Release|Mixed Platforms.Build.0 = Release|Any CPU
		{CF044D9B-3DB0-49C3-A659-7B499DB9BA2E}.Release|Win32.ActiveCfg = Release|x86
		{CF044D9B-3DB0-49C3-A659-7B499DB9BA2E}.Release|Win32.Build.0 = Release|x86
		{CF044D9B-3DB0-49C3-A659-7B499DB9BA2E}.Release|x64.ActiveCfg = Release|Any CPU
		{CF044D9B-3DB0-49C3-A659-7B499DB9BA2E}.Release|x86.ActiveCfg = Release|x86
		{CF044D9B-3DB0-49C3-A659-7B499DB9BA2E}.Release|x86.Build.0 = Release|x86
		{CF044D9B-3DB0-49C3-A659-7B499DB9BA2E}.SingleImage|Any CPU.ActiveCfg = Release|Any CPU
		{CF044D9B-3DB0-49C3-A659-7B499DB9BA2E}.SingleImage|Any CPU.Build.0 = Release|Any CPU
		{CF044D9B-3DB0-49C3-A659-7B499DB9BA2E}.SingleImage|ARM.ActiveCfg = Debug|Any CPU
		{CF044D9B-3DB0-49C3-A659-7B499DB9BA2E}.SingleImage|Mixed Platforms.ActiveCfg = Release|Any CPU
		{CF044D9B-3DB0-49C3-A659-7B499DB9BA2E}.SingleImage|Mixed Platforms.Build.0 = Release|Any CPU
		{CF044D9B-3DB0-49C3-A659-7B499DB9BA2E}.SingleImage|Win32.ActiveCfg = Release|Any CPU
		{CF044D9B-3DB0-49C3-A659-7B499DB9BA2E}.SingleImage|x64.ActiveCfg = Debug|Any CPU
		{CF044D9B-3DB0-49C3-A659-7B499DB9BA2E}.SingleImage|x86.ActiveCfg = Release|x86
		{CF044D9B-3DB0-49C3-A659-7B499DB9BA2E}.SingleImage|x86.Build.0 = Release|x86
		{49614498-1878-4D71-B250-5FB44E96C604}.CD_ROM|Any CPU.ActiveCfg = Release|Win32
		{49614498-1878-4D71-B250-5FB44E96C604}.CD_ROM|ARM.ActiveCfg = Debug|Win32
		{49614498-1878-4D71-B250-5FB44E96C604}.CD_ROM|Mixed Platforms.ActiveCfg = Release|Win32
		{49614498-1878-4D71-B250-5FB44E96C604}.CD_ROM|Mixed Platforms.Build.0 = Release|Win32
		{49614498-1878-4D71-B250-5FB44E96C604}.CD_ROM|Win32.ActiveCfg = Release|Win32
		{49614498-1878-4D71-B250-5FB44E96C604}.CD_ROM|Win32.Build.0 = Release|Win32
		{49614498-1878-4D71-B250-5FB44E96C604}.CD_ROM|x64.ActiveCfg = Debug|Win32
		{49614498-1878-4D71-B250-5FB44E96C604}.CD_ROM|x86.ActiveCfg = Debug|Win32
		{49614498-1878-4D71-B250-5FB44E96C604}.CD_ROM|x86.Build.0 = Debug|Win32
		{49614498-1878-4D71-B250-5FB44E96C604}.Debug|Any CPU.ActiveCfg = Debug|Win32
		{49614498-1878-4D71-B250-5FB44E96C604}.Debug|Any CPU.Build.0 = Debug|Win32
		{49614498-1878-4D71-B250-5FB44E96C604}.Debug|ARM.ActiveCfg = Debug|Win32
		{49614498-1878-4D71-B250-5FB44E96C604}.Debug|Mixed Platforms.ActiveCfg = Debug|Win32
		{49614498-1878-4D71-B250-5FB44E96C604}.Debug|Mixed Platforms.Build.0 = Debug|Win32
		{49614498-1878-4D71-B250-5FB44E96C604}.Debug|Win32.ActiveCfg = Debug|Win32
		{49614498-1878-4D71-B250-5FB44E96C604}.Debug|Win32.Build.0 = Debug|Win32
		{49614498-1878-4D71-B250-5FB44E96C604}.Debug|x64.ActiveCfg = Debug|Win32
		{49614498-1878-4D71-B250-5FB44E96C604}.Debug|x86.ActiveCfg = Debug|Win32
		{49614498-1878-4D71-B250-5FB44E96C604}.Debug|x86.Build.0 = Debug|Win32
		{49614498-1878-4D71-B250-5FB44E96C604}.DVD-5|Any CPU.ActiveCfg = Debug|Win32
		{49614498-1878-4D71-B250-5FB44E96C604}.DVD-5|ARM.ActiveCfg = Debug|Win32
		{49614498-1878-4D71-B250-5FB44E96C604}.DVD-5|Mixed Platforms.ActiveCfg = Debug|Win32
		{49614498-1878-4D71-B250-5FB44E96C604}.DVD-5|Mixed Platforms.Build.0 = Debug|Win32
		{49614498-1878-4D71-B250-5FB44E96C604}.DVD-5|Win32.ActiveCfg = Debug|Win32
		{49614498-1878-4D71-B250-5FB44E96C604}.DVD-5|Win32.Build.0 = Debug|Win32
		{49614498-1878-4D71-B250-5FB44E96C604}.DVD-5|x64.ActiveCfg = Debug|Win32
		{49614498-1878-4D71-B250-5FB44E96C604}.DVD-5|x86.ActiveCfg = Debug|Win32
		{49614498-1878-4D71-B250-5FB44E96C604}.DVD-5|x86.Build.0 = Debug|Win32
		{49614498-1878-4D71-B250-5FB44E96C604}.Release|Any CPU.ActiveCfg = Release|Win32
		{49614498-1878-4D71-B250-5FB44E96C604}.Release|Any CPU.Build.0 = Release|Win32
		{49614498-1878-4D71-B250-5FB44E96C604}.Release|ARM.ActiveCfg = Release|Win32
		{49614498-1878-4D71-B250-5FB44E96C604}.Release|Mixed Platforms.ActiveCfg = Release|Win32
		{49614498-1878-4D71-B250-5FB44E96C604}.Release|Mixed Platforms.Build.0 = Release|Win32
		{49614498-1878-4D71-B250-5FB44E96C604}.Release|Win32.ActiveCfg = Release|Win32
		{49614498-1878-4D71-B250-5FB44E96C604}.Release|Win32.Build.0 = Release|Win32
		{49614498-1878-4D71-B250-5FB44E96C604}.Release|x64.ActiveCfg = Release|Win32
		{49614498-1878-4D71-B250-5FB44E96C604}.Release|x86.ActiveCfg = Release|Win32
		{49614498-1878-4D71-B250-5FB44E96C604}.Release|x86.Build.0 = Release|Win32
		{49614498-1878-4D71-B250-5FB44E96C604}.SingleImage|Any CPU.ActiveCfg = Release|Win32
		{49614498-1878-4D71-B250-5FB44E96C604}.SingleImage|ARM.ActiveCfg = Debug|Win32
		{49614498-1878-4D71-B250-5FB44E96C604}.SingleImage|Mixed Platforms.ActiveCfg = Release|Win32
		{49614498-1878-4D71-B250-5FB44E96C604}.SingleImage|Mixed Platforms.Build.0 = Release|Win32
		{49614498-1878-4D71-B250-5FB44E96C604}.SingleImage|Win32.ActiveCfg = Release|Win32
		{49614498-1878-4D71-B250-5FB44E96C604}.SingleImage|Win32.Build.0 = Release|Win32
		{49614498-1878-4D71-B250-5FB44E96C604}.SingleImage|x64.ActiveCfg = Debug|Win32
		{49614498-1878-4D71-B250-5FB44E96C604}.SingleImage|x86.ActiveCfg = Debug|Win32
		{49614498-1878-4D71-B250-5FB44E96C604}.SingleImage|x86.Build.0 = Debug|Win32
		{AC6AA62A-DAFB-4D1D-BF7B-15F02C940B77}.CD_ROM|Any CPU.ActiveCfg = Release|Win32
		{AC6AA62A-DAFB-4D1D-BF7B-15F02C940B77}.CD_ROM|ARM.ActiveCfg = Release|Win32
		{AC6AA62A-DAFB-4D1D-BF7B-15F02C940B77}.CD_ROM|Mixed Platforms.ActiveCfg = Release|Win32
		{AC6AA62A-DAFB-4D1D-BF7B-15F02C940B77}.CD_ROM|Mixed Platforms.Build.0 = Release|Win32
		{AC6AA62A-DAFB-4D1D-BF7B-15F02C940B77}.CD_ROM|Win32.ActiveCfg = Release|Win32
		{AC6AA62A-DAFB-4D1D-BF7B-15F02C940B77}.CD_ROM|Win32.Build.0 = Release|Win32
		{AC6AA62A-DAFB-4D1D-BF7B-15F02C940B77}.CD_ROM|x64.ActiveCfg = Release|Win32
		{AC6AA62A-DAFB-4D1D-BF7B-15F02C940B77}.CD_ROM|x86.ActiveCfg = Release|Win32
		{AC6AA62A-DAFB-4D1D-BF7B-15F02C940B77}.CD_ROM|x86.Build.0 = Release|Win32
		{AC6AA62A-DAFB-4D1D-BF7B-15F02C940B77}.Debug|Any CPU.ActiveCfg = Debug|Win32
		{AC6AA62A-DAFB-4D1D-BF7B-15F02C940B77}.Debug|Any CPU.Build.0 = Debug|Win32
		{AC6AA62A-DAFB-4D1D-BF7B-15F02C940B77}.Debug|ARM.ActiveCfg = Debug|Win32
		{AC6AA62A-DAFB-4D1D-BF7B-15F02C940B77}.Debug|Mixed Platforms.ActiveCfg = Debug|Win32
		{AC6AA62A-DAFB-4D1D-BF7B-15F02C940B77}.Debug|Mixed Platforms.Build.0 = Debug|Win32
		{AC6AA62A-DAFB-4D1D-BF7B-15F02C940B77}.Debug|Win32.ActiveCfg = Debug|Win32
		{AC6AA62A-DAFB-4D1D-BF7B-15F02C940B77}.Debug|Win32.Build.0 = Debug|Win32
		{AC6AA62A-DAFB-4D1D-BF7B-15F02C940B77}.Debug|x64.ActiveCfg = Debug|Win32
		{AC6AA62A-DAFB-4D1D-BF7B-15F02C940B77}.Debug|x86.ActiveCfg = Debug|Win32
		{AC6AA62A-DAFB-4D1D-BF7B-15F02C940B77}.Debug|x86.Build.0 = Debug|Win32
		{AC6AA62A-DAFB-4D1D-BF7B-15F02C940B77}.DVD-5|Any CPU.ActiveCfg = Debug|Win32
		{AC6AA62A-DAFB-4D1D-BF7B-15F02C940B77}.DVD-5|ARM.ActiveCfg = Debug|Win32
		{AC6AA62A-DAFB-4D1D-BF7B-15F02C940B77}.DVD-5|Mixed Platforms.ActiveCfg = Debug|Win32
		{AC6AA62A-DAFB-4D1D-BF7B-15F02C940B77}.DVD-5|Mixed Platforms.Build.0 = Debug|Win32
		{AC6AA62A-DAFB-4D1D-BF7B-15F02C940B77}.DVD-5|Win32.ActiveCfg = Debug|Win32
		{AC6AA62A-DAFB-4D1D-BF7B-15F02C940B77}.DVD-5|Win32.Build.0 = Debug|Win32
		{AC6AA62A-DAFB-4D1D-BF7B-15F02C940B77}.DVD-5|x64.ActiveCfg = Debug|Win32
		{AC6AA62A-DAFB-4D1D-BF7B-15F02C940B77}.DVD-5|x86.ActiveCfg = Debug|Win32
		{AC6AA62A-DAFB-4D1D-BF7B-15F02C940B77}.DVD-5|x86.Build.0 = Debug|Win32
		{AC6AA62A-DAFB-4D1D-BF7B-15F02C940B77}.Release|Any CPU.ActiveCfg = Release|Win32
		{AC6AA62A-DAFB-4D1D-BF7B-15F02C940B77}.Release|Any CPU.Build.0 = Release|Win32
		{AC6AA62A-DAFB-4D1D-BF7B-15F02C940B77}.Release|ARM.ActiveCfg = Release|Win32
		{AC6AA62A-DAFB-4D1D-BF7B-15F02C940B77}.Release|Mixed Platforms.ActiveCfg = Release|Win32
		{AC6AA62A-DAFB-4D1D-BF7B-15F02C940B77}.Release|Mixed Platforms.Build.0 = Release|Win32
		{AC6AA62A-DAFB-4D1D-BF7B-15F02C940B77}.Release|Win32.ActiveCfg = Release|Win32
		{AC6AA62A-DAFB-4D1D-BF7B-15F02C940B77}.Release|Win32.Build.0 = Release|Win32
		{AC6AA62A-DAFB-4D1D-BF7B-15F02C940B77}.Release|x64.ActiveCfg = Release|Win32
		{AC6AA62A-DAFB-4D1D-BF7B-15F02C940B77}.Release|x86.ActiveCfg = Release|Win32
		{AC6AA62A-DAFB-4D1D-BF7B-15F02C940B77}.Release|x86.Build.0 = Release|Win32
		{AC6AA62A-DAFB-4D1D-BF7B-15F02C940B77}.SingleImage|Any CPU.ActiveCfg = Release|Win32
		{AC6AA62A-DAFB-4D1D-BF7B-15F02C940B77}.SingleImage|ARM.ActiveCfg = Release|Win32
		{AC6AA62A-DAFB-4D1D-BF7B-15F02C940B77}.SingleImage|Mixed Platforms.ActiveCfg = Release|Win32
		{AC6AA62A-DAFB-4D1D-BF7B-15F02C940B77}.SingleImage|Mixed Platforms.Build.0 = Release|Win32
		{AC6AA62A-DAFB-4D1D-BF7B-15F02C940B77}.SingleImage|Win32.ActiveCfg = Release|Win32
		{AC6AA62A-DAFB-4D1D-BF7B-15F02C940B77}.SingleImage|Win32.Build.0 = Release|Win32
		{AC6AA62A-DAFB-4D1D-BF7B-15F02C940B77}.SingleImage|x64.ActiveCfg = Release|Win32
		{AC6AA62A-DAFB-4D1D-BF7B-15F02C940B77}.SingleImage|x86.ActiveCfg = Release|Win32
		{AC6AA62A-DAFB-4D1D-BF7B-15F02C940B77}.SingleImage|x86.Build.0 = Release|Win32
	EndGlobalSection
	GlobalSection(SolutionProperties) = preSolution
		HideSolutionNode = FALSE
	EndGlobalSection
	GlobalSection(ExtensibilityGlobals) = postSolution
		SolutionGuid = {327E4729-85ED-4D30-9CA0-82CE1FD12564}
	EndGlobalSection
EndGlobal
